{
  "version": 4,
  "terraform_version": "1.7.1",
  "serial": 103,
  "lineage": "a7b3adb7-7b7e-58b7-02b7-c34943f5fd62",
  "outputs": {},
  "resources": [
    {
      "module": "module.EKS_Addon[\"addon_1\"]",
      "mode": "managed",
      "type": "aws_eks_addon",
      "name": "this",
      "provider": "provider[\"registry.terraform.io/hashicorp/aws\"]",
      "instances": [
        {
          "schema_version": 0,
          "attributes": {
            "addon_name": "vpc-cni",
            "addon_version": "v1.15.1-eksbuild.1",
            "arn": "arn:aws:eks:eu-south-2:105054799343:addon/eks-preprod-genaia/vpc-cni/e2c6ae2e-3d85-486d-4a66-cf41bde2b3a0",
            "cluster_name": "eks-preprod-genaia",
            "configuration_values": "",
            "created_at": "2024-01-30T21:53:01Z",
            "id": "eks-preprod-genaia:vpc-cni",
            "modified_at": "2024-01-30T21:53:07Z",
            "preserve": null,
            "resolve_conflicts": null,
            "resolve_conflicts_on_create": null,
            "resolve_conflicts_on_update": null,
            "service_account_role_arn": "",
            "tags": {},
            "tags_all": {},
            "timeouts": null
          },
          "sensitive_attributes": [],
          "private": "eyJlMmJmYjczMC1lY2FhLTExZTYtOGY4OC0zNDM2M2JjN2M0YzAiOnsiY3JlYXRlIjoxMjAwMDAwMDAwMDAwLCJkZWxldGUiOjI0MDAwMDAwMDAwMDAsInVwZGF0ZSI6MTIwMDAwMDAwMDAwMH19",
          "dependencies": [
            "module.EKS_Cluster.aws_eks_cluster.this",
            "module.Private_Subnets.aws_subnet.this",
            "module.VPC.aws_vpc.this"
          ]
        }
      ]
    },
    {
      "module": "module.EKS_Addon[\"addon_3\"]",
      "mode": "managed",
      "type": "aws_eks_addon",
      "name": "this",
      "provider": "provider[\"registry.terraform.io/hashicorp/aws\"]",
      "instances": [
        {
          "schema_version": 0,
          "attributes": {
            "addon_name": "kube-proxy",
            "addon_version": "v1.28.2-eksbuild.2",
            "arn": "arn:aws:eks:eu-south-2:105054799343:addon/eks-preprod-genaia/kube-proxy/3ac6ae2e-3d80-1aa5-e4d5-412bd7e05761",
            "cluster_name": "eks-preprod-genaia",
            "configuration_values": "",
            "created_at": "2024-01-30T21:53:01Z",
            "id": "eks-preprod-genaia:kube-proxy",
            "modified_at": "2024-01-30T21:53:04Z",
            "preserve": null,
            "resolve_conflicts": null,
            "resolve_conflicts_on_create": null,
            "resolve_conflicts_on_update": null,
            "service_account_role_arn": "",
            "tags": {},
            "tags_all": {},
            "timeouts": null
          },
          "sensitive_attributes": [],
          "private": "eyJlMmJmYjczMC1lY2FhLTExZTYtOGY4OC0zNDM2M2JjN2M0YzAiOnsiY3JlYXRlIjoxMjAwMDAwMDAwMDAwLCJkZWxldGUiOjI0MDAwMDAwMDAwMDAsInVwZGF0ZSI6MTIwMDAwMDAwMDAwMH19",
          "dependencies": [
            "module.EKS_Cluster.aws_eks_cluster.this",
            "module.Private_Subnets.aws_subnet.this",
            "module.VPC.aws_vpc.this"
          ]
        }
      ]
    },
    {
      "module": "module.EKS_Addon[\"addon_4\"]",
      "mode": "managed",
      "type": "aws_eks_addon",
      "name": "this",
      "provider": "provider[\"registry.terraform.io/hashicorp/aws\"]",
      "instances": [
        {
          "schema_version": 0,
          "attributes": {
            "addon_name": "eks-pod-identity-agent",
            "addon_version": "v1.1.0-eksbuild.1",
            "arn": "arn:aws:eks:eu-south-2:105054799343:addon/eks-preprod-genaia/eks-pod-identity-agent/e2c6ae2e-3d82-0d98-1403-66a4ac9aed44",
            "cluster_name": "eks-preprod-genaia",
            "configuration_values": "",
            "created_at": "2024-01-30T21:53:01Z",
            "id": "eks-preprod-genaia:eks-pod-identity-agent",
            "modified_at": "2024-01-30T21:53:04Z",
            "preserve": null,
            "resolve_conflicts": null,
            "resolve_conflicts_on_create": null,
            "resolve_conflicts_on_update": null,
            "service_account_role_arn": "",
            "tags": {},
            "tags_all": {},
            "timeouts": null
          },
          "sensitive_attributes": [],
          "private": "eyJlMmJmYjczMC1lY2FhLTExZTYtOGY4OC0zNDM2M2JjN2M0YzAiOnsiY3JlYXRlIjoxMjAwMDAwMDAwMDAwLCJkZWxldGUiOjI0MDAwMDAwMDAwMDAsInVwZGF0ZSI6MTIwMDAwMDAwMDAwMH19",
          "dependencies": [
            "module.EKS_Cluster.aws_eks_cluster.this",
            "module.Private_Subnets.aws_subnet.this",
            "module.VPC.aws_vpc.this"
          ]
        }
      ]
    },
    {
      "module": "module.EKS_Cluster[\"eks-preprod-genaia\"]",
      "mode": "managed",
      "type": "aws_eks_cluster",
      "name": "this",
      "provider": "provider[\"registry.terraform.io/hashicorp/aws\"]",
      "instances": [
        {
          "schema_version": 0,
          "attributes": {
            "access_config": [
              {
                "authentication_mode": "API_AND_CONFIG_MAP",
                "bootstrap_cluster_creator_admin_permissions": true
              }
            ],
            "arn": "arn:aws:eks:eu-south-2:105054799343:cluster/eks-preprod-genaia",
            "certificate_authority": [
              {
                "data": "LS0tLS1CRUdJTiBDRVJUSUZJQ0FURS0tLS0tCk1JSURCVENDQWUyZ0F3SUJBZ0lJWTJaTDFKeWsxZHd3RFFZSktvWklodmNOQVFFTEJRQXdGVEVUTUJFR0ExVUUKQXhNS2EzVmlaWEp1WlhSbGN6QWVGdzB5TkRBeE16QXlNVFF4TkRaYUZ3MHpOREF4TWpjeU1UUTJORFphTUJVeApFekFSQmdOVkJBTVRDbXQxWW1WeWJtVjBaWE13Z2dFaU1BMEdDU3FHU0liM0RRRUJBUVVBQTRJQkR3QXdnZ0VLCkFvSUJBUURCcHg5ZWJoWWE2SCtPT1BFRkcrT2VuUnRUZlNuTHhYRE9IcEN0SkVtbW5KNzVURDBxUE9BNW1TaWMKYnc1b2c3UTBiNUQzdFZKYnVSdVVkR2VFZFc0ZFpIVkJMbnp5OHFWN1B2VHVqalRDcWd4c2J6SUdFUG9jSnQzbgorbko2UTNwUzFPN09lMzlualFpdUFqK3k3cDE1MVRQUGFjSkFWbHk5RWljaXhvTnowUXVzTUhtWnN1M2ViT2hqCisvb0twUlZKN2FPV2M2VW5KZkN3TmlXeVh1Q0lRaEc2NzVGVFc1bWZlRm1WK2Y5REFiQnMrN3ozZXZOUzJpT2IKbmsxalI0cjI0cUN4dXlmRllqd29zTDYzSVZHeStTakZXNnpTY0RjSGZGS2YzOWdKYVpkQldzZGlyR2FoTEJxOApRUEhRbnFxRmRXdEdXZzdRY1EzY0JGanRGeGh4QWdNQkFBR2pXVEJYTUE0R0ExVWREd0VCL3dRRUF3SUNwREFQCkJnTlZIUk1CQWY4RUJUQURBUUgvTUIwR0ExVWREZ1FXQkJSemNmR1JValJFTzZCM090VzdDTDVuK2pXQUp6QVYKQmdOVkhSRUVEakFNZ2dwcmRXSmxjbTVsZEdWek1BMEdDU3FHU0liM0RRRUJDd1VBQTRJQkFRQW4rbDV1d0o5Uwp6ZXZxLzduMVN2emNLeXZCMHJldGJTaUdveXNUMU96Rk90Ykd1dERQMnpWS1duaDdaUFROTmd2cWs1RHhuYyttCjd5Z005VjZjNDAyWlBSWWcvSXZ0UWRJZGFLQ2V4azAveUJXcHVtajRYVzIxdzlIRWpJKzU3b3BJVy9xaUxEOUYKbHRQVHhZeENraUFhbWRVaVM5NThvby9UVTY4NDZaZGFrMWxtc3dMNktjNnh3VXhKbU1leVZPQzZlMUV2Vko4TwpaUUUzTmEyWmFlSDZOL1NlcS9JdDlyV2FqQUFEeC9LclBNZUtDV09ob095eWdFY0ZsanBhMTI4K2FDR1JWWEl1Cjlmcys2MkU4U2ZNcGNLZUZ1ZElHZ3dIdll5TmpzOERvdUxycnVWZHNYUThhZFF2NmIwc1E3YXJmaEVFVGdEMWEKVXZCa05YcStUSi9lCi0tLS0tRU5EIENFUlRJRklDQVRFLS0tLS0K"
              }
            ],
            "cluster_id": null,
            "created_at": "2024-01-30 21:42:25.174 +0000 UTC",
            "enabled_cluster_log_types": [],
            "encryption_config": [],
            "endpoint": "https://8449B89E27061736F610F1F5561DA640.gr7.eu-south-2.eks.amazonaws.com",
            "id": "eks-preprod-genaia",
            "identity": [
              {
                "oidc": [
                  {
                    "issuer": "https://oidc.eks.eu-south-2.amazonaws.com/id/8449B89E27061736F610F1F5561DA640"
                  }
                ]
              }
            ],
            "kubernetes_network_config": [
              {
                "ip_family": "ipv4",
                "service_ipv4_cidr": "172.20.0.0/16",
                "service_ipv6_cidr": ""
              }
            ],
            "name": "eks-preprod-genaia",
            "outpost_config": [],
            "platform_version": "eks.7",
            "role_arn": "arn:aws:iam::105054799343:role/eksPreProductionCluster-Role",
            "status": "ACTIVE",
            "tags": {},
            "tags_all": {},
            "timeouts": null,
            "version": "1.28",
            "vpc_config": [
              {
                "cluster_security_group_id": "sg-02e0ec1e3b8a0f44d",
                "endpoint_private_access": true,
                "endpoint_public_access": false,
                "public_access_cidrs": [],
                "security_group_ids": [],
                "subnet_ids": [
                  "subnet-02f4f10190eda1ac3",
                  "subnet-05fa0f940b284e1d8",
                  "subnet-0b89e46f7de010471"
                ],
                "vpc_id": "vpc-08c295bc35450b718"
              }
            ]
          },
          "sensitive_attributes": [],
          "private": "eyJlMmJmYjczMC1lY2FhLTExZTYtOGY4OC0zNDM2M2JjN2M0YzAiOnsiY3JlYXRlIjoxODAwMDAwMDAwMDAwLCJkZWxldGUiOjkwMDAwMDAwMDAwMCwidXBkYXRlIjozNjAwMDAwMDAwMDAwfX0=",
          "dependencies": [
            "module.Private_Subnets.aws_subnet.this",
            "module.VPC.aws_vpc.this"
          ]
        }
      ]
    },
    {
      "module": "module.EKS_Node_Group[\"m7i_2xlarge\"]",
      "mode": "managed",
      "type": "aws_eks_node_group",
      "name": "this",
      "provider": "provider[\"registry.terraform.io/hashicorp/aws\"]",
      "instances": [
        {
          "schema_version": 0,
          "attributes": {
            "ami_type": "AL2_x86_64",
            "arn": "arn:aws:eks:eu-south-2:105054799343:nodegroup/eks-preprod-genaia/m7i_2xlarge/b6c6b09e-e280-d95a-41f1-0b3e503294de",
            "capacity_type": "ON_DEMAND",
            "cluster_name": "eks-preprod-genaia",
            "disk_size": 20,
            "force_update_version": null,
            "id": "eks-preprod-genaia:m7i_2xlarge",
            "instance_types": [
              "m7i.2xlarge"
            ],
            "labels": {},
            "launch_template": [],
            "node_group_name": "m7i_2xlarge",
            "node_group_name_prefix": "",
            "node_role_arn": "arn:aws:iam::105054799343:role/AmazonEKSNodeRole",
            "release_version": "1.28.5-20240117",
            "remote_access": [],
            "resources": [
              {
                "autoscaling_groups": [
                  {
                    "name": "eks-m7i_2xlarge-b6c6b09e-e280-d95a-41f1-0b3e503294de"
                  }
                ],
                "remote_access_security_group_id": ""
              }
            ],
            "scaling_config": [
              {
                "desired_size": 2,
                "max_size": 2,
                "min_size": 2
              }
            ],
            "status": "ACTIVE",
            "subnet_ids": [
              "subnet-02f4f10190eda1ac3",
              "subnet-05fa0f940b284e1d8",
              "subnet-0b89e46f7de010471"
            ],
            "tags": {},
            "tags_all": {},
            "taint": [],
            "timeouts": null,
            "update_config": [
              {
                "max_unavailable": 1,
                "max_unavailable_percentage": 0
              }
            ],
            "version": "1.28"
          },
          "sensitive_attributes": [],
          "private": "eyJlMmJmYjczMC1lY2FhLTExZTYtOGY4OC0zNDM2M2JjN2M0YzAiOnsiY3JlYXRlIjozNjAwMDAwMDAwMDAwLCJkZWxldGUiOjM2MDAwMDAwMDAwMDAsInVwZGF0ZSI6MzYwMDAwMDAwMDAwMH19",
          "dependencies": [
            "module.Private_Subnets.aws_subnet.this",
            "module.VPC.aws_vpc.this"
          ]
        }
      ]
    },
    {
      "module": "module.Elastic_IP[\"eip-preprod-nat-prod-a\"]",
      "mode": "managed",
      "type": "aws_eip",
      "name": "this",
      "provider": "provider[\"registry.terraform.io/hashicorp/aws\"]",
      "instances": [
        {
          "schema_version": 0,
          "attributes": {
            "address": null,
            "allocation_id": "eipalloc-0f2e1a4999b43da86",
            "associate_with_private_ip": null,
            "association_id": "eipassoc-0c86481429a960c86",
            "carrier_ip": "",
            "customer_owned_ip": "",
            "customer_owned_ipv4_pool": "",
            "domain": "vpc",
            "id": "eipalloc-0f2e1a4999b43da86",
            "instance": "",
            "network_border_group": "eu-south-2",
            "network_interface": "eni-0302dc98449fb5200",
            "private_dns": "ip-10-120-223-34.eu-south-2.compute.internal",
            "private_ip": "10.120.223.34",
            "public_dns": "ec2-18-101-171-0.eu-south-2.compute.amazonaws.com",
            "public_ip": "18.101.171.0",
            "public_ipv4_pool": "amazon",
            "tags": {
              "Name": "eip-preprod-nat-prod-a"
            },
            "tags_all": {
              "Name": "eip-preprod-nat-prod-a"
            },
            "timeouts": null,
            "vpc": true
          },
          "sensitive_attributes": [],
          "private": "eyJlMmJmYjczMC1lY2FhLTExZTYtOGY4OC0zNDM2M2JjN2M0YzAiOnsiZGVsZXRlIjoxODAwMDAwMDAwMDAsInJlYWQiOjkwMDAwMDAwMDAwMCwidXBkYXRlIjozMDAwMDAwMDAwMDB9fQ=="
        }
      ]
    },
    {
      "module": "module.Internet_Gateway[\"igw-preprod\"]",
      "mode": "managed",
      "type": "aws_internet_gateway",
      "name": "this",
      "provider": "provider[\"registry.terraform.io/hashicorp/aws\"]",
      "instances": [
        {
          "schema_version": 0,
          "attributes": {
            "arn": "arn:aws:ec2:eu-south-2:105054799343:internet-gateway/igw-05af54184720be16c",
            "id": "igw-05af54184720be16c",
            "owner_id": "105054799343",
            "tags": {
              "Name": "igw-preprod"
            },
            "tags_all": {
              "Name": "igw-preprod"
            },
            "timeouts": null,
            "vpc_id": "vpc-08c295bc35450b718"
          },
          "sensitive_attributes": [],
          "private": "eyJlMmJmYjczMC1lY2FhLTExZTYtOGY4OC0zNDM2M2JjN2M0YzAiOnsiY3JlYXRlIjoxMjAwMDAwMDAwMDAwLCJkZWxldGUiOjEyMDAwMDAwMDAwMDAsInVwZGF0ZSI6MTIwMDAwMDAwMDAwMH19",
          "dependencies": [
            "module.VPC.aws_vpc.this"
          ]
        }
      ]
    },
    {
      "module": "module.NAT_Gateway[\"nat-preprod-pvt-a\"]",
      "mode": "managed",
      "type": "aws_nat_gateway",
      "name": "this",
      "provider": "provider[\"registry.terraform.io/hashicorp/aws\"]",
      "instances": [
        {
          "schema_version": 0,
          "attributes": {
            "allocation_id": "eipalloc-0f2e1a4999b43da86",
            "association_id": "eipassoc-0c86481429a960c86",
            "connectivity_type": "public",
            "id": "nat-0ab2add7740dec217",
            "network_interface_id": "eni-0302dc98449fb5200",
            "private_ip": "10.120.223.34",
            "public_ip": "18.101.171.0",
            "secondary_allocation_ids": [],
            "secondary_private_ip_address_count": 0,
            "secondary_private_ip_addresses": [],
            "subnet_id": "subnet-0d657ef394aea06cf",
            "tags": {
              "Name": "nat-preprod-pvt-a"
            },
            "tags_all": {
              "Name": "nat-preprod-pvt-a"
            },
            "timeouts": null
          },
          "sensitive_attributes": [],
          "private": "eyJlMmJmYjczMC1lY2FhLTExZTYtOGY4OC0zNDM2M2JjN2M0YzAiOnsiY3JlYXRlIjo2MDAwMDAwMDAwMDAsImRlbGV0ZSI6MTgwMDAwMDAwMDAwMCwidXBkYXRlIjo2MDAwMDAwMDAwMDB9fQ==",
          "dependencies": [
            "module.Elastic_IP.aws_eip.this",
            "module.Public_Subnets.aws_subnet.this",
            "module.VPC.aws_vpc.this"
          ]
        }
      ]
    },
    {
      "module": "module.Private_Subnets[\"subnet-preprod-pvt-a\"]",
      "mode": "managed",
      "type": "aws_subnet",
      "name": "this",
      "provider": "provider[\"registry.terraform.io/hashicorp/aws\"]",
      "instances": [
        {
          "schema_version": 1,
          "attributes": {
            "arn": "arn:aws:ec2:eu-south-2:105054799343:subnet/subnet-0b89e46f7de010471",
            "assign_ipv6_address_on_creation": false,
            "availability_zone": "eu-south-2a",
            "availability_zone_id": "eus2-az1",
            "cidr_block": "10.120.220.0/24",
            "customer_owned_ipv4_pool": "",
            "enable_dns64": false,
            "enable_lni_at_device_index": 0,
            "enable_resource_name_dns_a_record_on_launch": false,
            "enable_resource_name_dns_aaaa_record_on_launch": false,
            "id": "subnet-0b89e46f7de010471",
            "ipv6_cidr_block": "",
            "ipv6_cidr_block_association_id": "",
            "ipv6_native": false,
            "map_customer_owned_ip_on_launch": false,
            "map_public_ip_on_launch": false,
            "outpost_arn": "",
            "owner_id": "105054799343",
            "private_dns_hostname_type_on_launch": "ip-name",
            "tags": {
              "Name": "subnet-preprod-pvt-a"
            },
            "tags_all": {
              "Name": "subnet-preprod-pvt-a"
            },
            "timeouts": null,
            "vpc_id": "vpc-08c295bc35450b718"
          },
          "sensitive_attributes": [],
          "private": "eyJlMmJmYjczMC1lY2FhLTExZTYtOGY4OC0zNDM2M2JjN2M0YzAiOnsiY3JlYXRlIjo2MDAwMDAwMDAwMDAsImRlbGV0ZSI6MTIwMDAwMDAwMDAwMH0sInNjaGVtYV92ZXJzaW9uIjoiMSJ9",
          "dependencies": [
            "module.VPC.aws_vpc.this"
          ]
        }
      ]
    },
    {
      "module": "module.Private_Subnets[\"subnet-preprod-pvt-b\"]",
      "mode": "managed",
      "type": "aws_subnet",
      "name": "this",
      "provider": "provider[\"registry.terraform.io/hashicorp/aws\"]",
      "instances": [
        {
          "schema_version": 1,
          "attributes": {
            "arn": "arn:aws:ec2:eu-south-2:105054799343:subnet/subnet-02f4f10190eda1ac3",
            "assign_ipv6_address_on_creation": false,
            "availability_zone": "eu-south-2b",
            "availability_zone_id": "eus2-az2",
            "cidr_block": "10.120.221.0/24",
            "customer_owned_ipv4_pool": "",
            "enable_dns64": false,
            "enable_lni_at_device_index": 0,
            "enable_resource_name_dns_a_record_on_launch": false,
            "enable_resource_name_dns_aaaa_record_on_launch": false,
            "id": "subnet-02f4f10190eda1ac3",
            "ipv6_cidr_block": "",
            "ipv6_cidr_block_association_id": "",
            "ipv6_native": false,
            "map_customer_owned_ip_on_launch": false,
            "map_public_ip_on_launch": false,
            "outpost_arn": "",
            "owner_id": "105054799343",
            "private_dns_hostname_type_on_launch": "ip-name",
            "tags": {
              "Name": "subnet-preprod-pvt-b"
            },
            "tags_all": {
              "Name": "subnet-preprod-pvt-b"
            },
            "timeouts": null,
            "vpc_id": "vpc-08c295bc35450b718"
          },
          "sensitive_attributes": [],
          "private": "eyJlMmJmYjczMC1lY2FhLTExZTYtOGY4OC0zNDM2M2JjN2M0YzAiOnsiY3JlYXRlIjo2MDAwMDAwMDAwMDAsImRlbGV0ZSI6MTIwMDAwMDAwMDAwMH0sInNjaGVtYV92ZXJzaW9uIjoiMSJ9",
          "dependencies": [
            "module.VPC.aws_vpc.this"
          ]
        }
      ]
    },
    {
      "module": "module.Private_Subnets[\"subnet-preprod-pvt-c\"]",
      "mode": "managed",
      "type": "aws_subnet",
      "name": "this",
      "provider": "provider[\"registry.terraform.io/hashicorp/aws\"]",
      "instances": [
        {
          "schema_version": 1,
          "attributes": {
            "arn": "arn:aws:ec2:eu-south-2:105054799343:subnet/subnet-05fa0f940b284e1d8",
            "assign_ipv6_address_on_creation": false,
            "availability_zone": "eu-south-2c",
            "availability_zone_id": "eus2-az3",
            "cidr_block": "10.120.222.0/24",
            "customer_owned_ipv4_pool": "",
            "enable_dns64": false,
            "enable_lni_at_device_index": 0,
            "enable_resource_name_dns_a_record_on_launch": false,
            "enable_resource_name_dns_aaaa_record_on_launch": false,
            "id": "subnet-05fa0f940b284e1d8",
            "ipv6_cidr_block": "",
            "ipv6_cidr_block_association_id": "",
            "ipv6_native": false,
            "map_customer_owned_ip_on_launch": false,
            "map_public_ip_on_launch": false,
            "outpost_arn": "",
            "owner_id": "105054799343",
            "private_dns_hostname_type_on_launch": "ip-name",
            "tags": {
              "Name": "subnet-preprod-pvt-c"
            },
            "tags_all": {
              "Name": "subnet-preprod-pvt-c"
            },
            "timeouts": null,
            "vpc_id": "vpc-08c295bc35450b718"
          },
          "sensitive_attributes": [],
          "private": "eyJlMmJmYjczMC1lY2FhLTExZTYtOGY4OC0zNDM2M2JjN2M0YzAiOnsiY3JlYXRlIjo2MDAwMDAwMDAwMDAsImRlbGV0ZSI6MTIwMDAwMDAwMDAwMH0sInNjaGVtYV92ZXJzaW9uIjoiMSJ9",
          "dependencies": [
            "module.VPC.aws_vpc.this"
          ]
        }
      ]
    },
    {
      "module": "module.Public_Subnets[\"subnet-preprod-pub-a\"]",
      "mode": "managed",
      "type": "aws_subnet",
      "name": "this",
      "provider": "provider[\"registry.terraform.io/hashicorp/aws\"]",
      "instances": [
        {
          "schema_version": 1,
          "attributes": {
            "arn": "arn:aws:ec2:eu-south-2:105054799343:subnet/subnet-0d657ef394aea06cf",
            "assign_ipv6_address_on_creation": false,
            "availability_zone": "eu-south-2a",
            "availability_zone_id": "eus2-az1",
            "cidr_block": "10.120.223.0/26",
            "customer_owned_ipv4_pool": "",
            "enable_dns64": false,
            "enable_lni_at_device_index": 0,
            "enable_resource_name_dns_a_record_on_launch": false,
            "enable_resource_name_dns_aaaa_record_on_launch": false,
            "id": "subnet-0d657ef394aea06cf",
            "ipv6_cidr_block": "",
            "ipv6_cidr_block_association_id": "",
            "ipv6_native": false,
            "map_customer_owned_ip_on_launch": false,
            "map_public_ip_on_launch": true,
            "outpost_arn": "",
            "owner_id": "105054799343",
            "private_dns_hostname_type_on_launch": "ip-name",
            "tags": {
              "Name": "subnet-preprod-pub-a"
            },
            "tags_all": {
              "Name": "subnet-preprod-pub-a"
            },
            "timeouts": null,
            "vpc_id": "vpc-08c295bc35450b718"
          },
          "sensitive_attributes": [],
          "private": "eyJlMmJmYjczMC1lY2FhLTExZTYtOGY4OC0zNDM2M2JjN2M0YzAiOnsiY3JlYXRlIjo2MDAwMDAwMDAwMDAsImRlbGV0ZSI6MTIwMDAwMDAwMDAwMH0sInNjaGVtYV92ZXJzaW9uIjoiMSJ9",
          "dependencies": [
            "module.VPC.aws_vpc.this"
          ]
        }
      ]
    },
    {
      "module": "module.Route_Table[\"rtbl-preprod-pub-subnets\"]",
      "mode": "managed",
      "type": "aws_route_table",
      "name": "this",
      "provider": "provider[\"registry.terraform.io/hashicorp/aws\"]",
      "instances": [
        {
          "schema_version": 0,
          "attributes": {
            "arn": "arn:aws:ec2:eu-south-2:105054799343:route-table/rtb-0e019ef72503f0fef",
            "id": "rtb-0e019ef72503f0fef",
            "owner_id": "105054799343",
            "propagating_vgws": [],
            "route": [
              {
                "carrier_gateway_id": "",
                "cidr_block": "0.0.0.0/0",
                "core_network_arn": "",
                "destination_prefix_list_id": "",
                "egress_only_gateway_id": "",
                "gateway_id": "igw-05af54184720be16c",
                "ipv6_cidr_block": "",
                "local_gateway_id": "",
                "nat_gateway_id": "",
                "network_interface_id": "",
                "transit_gateway_id": "",
                "vpc_endpoint_id": "",
                "vpc_peering_connection_id": ""
              }
            ],
            "tags": {
              "Name": "rtbl-preprod-pub-subnets"
            },
            "tags_all": {
              "Name": "rtbl-preprod-pub-subnets"
            },
            "timeouts": null,
            "vpc_id": "vpc-08c295bc35450b718"
          },
          "sensitive_attributes": [],
          "private": "eyJlMmJmYjczMC1lY2FhLTExZTYtOGY4OC0zNDM2M2JjN2M0YzAiOnsiY3JlYXRlIjozMDAwMDAwMDAwMDAsImRlbGV0ZSI6MzAwMDAwMDAwMDAwLCJ1cGRhdGUiOjEyMDAwMDAwMDAwMH19",
          "dependencies": [
            "module.VPC.aws_vpc.this"
          ]
        }
      ]
    },
    {
      "module": "module.Route_Table[\"rtbl-preprod-pvt-subnets\"]",
      "mode": "managed",
      "type": "aws_route_table",
      "name": "this",
      "provider": "provider[\"registry.terraform.io/hashicorp/aws\"]",
      "instances": [
        {
          "schema_version": 0,
          "attributes": {
            "arn": "arn:aws:ec2:eu-south-2:105054799343:route-table/rtb-05cec7ab5c55a0a43",
            "id": "rtb-05cec7ab5c55a0a43",
            "owner_id": "105054799343",
            "propagating_vgws": [
              "vgw-0dd89390bb8418984"
            ],
            "route": [
              {
                "carrier_gateway_id": "",
                "cidr_block": "0.0.0.0/0",
                "core_network_arn": "",
                "destination_prefix_list_id": "",
                "egress_only_gateway_id": "",
                "gateway_id": "",
                "ipv6_cidr_block": "",
                "local_gateway_id": "",
                "nat_gateway_id": "nat-0ab2add7740dec217",
                "network_interface_id": "",
                "transit_gateway_id": "",
                "vpc_endpoint_id": "",
                "vpc_peering_connection_id": ""
              }
            ],
            "tags": {
              "Name": "rtbl-preprod-pvt-subnets"
            },
            "tags_all": {
              "Name": "rtbl-preprod-pvt-subnets"
            },
            "timeouts": null,
            "vpc_id": "vpc-08c295bc35450b718"
          },
          "sensitive_attributes": [],
          "private": "eyJlMmJmYjczMC1lY2FhLTExZTYtOGY4OC0zNDM2M2JjN2M0YzAiOnsiY3JlYXRlIjozMDAwMDAwMDAwMDAsImRlbGV0ZSI6MzAwMDAwMDAwMDAwLCJ1cGRhdGUiOjEyMDAwMDAwMDAwMH19",
          "dependencies": [
            "module.VPC.aws_vpc.this"
          ]
        }
      ]
    },
    {
      "module": "module.SG-EKS[\"sg_cluster_eks\"]",
      "mode": "managed",
      "type": "aws_security_group",
      "name": "this",
      "provider": "provider[\"registry.terraform.io/hashicorp/aws\"]",
      "instances": [
        {
          "schema_version": 1,
          "attributes": {
            "arn": "arn:aws:ec2:eu-south-2:105054799343:security-group/sg-0c8830d804f574af5",
            "description": "Managed by Terraform",
            "egress": [
              {
                "cidr_blocks": [
                  "0.0.0.0/0"
                ],
                "description": "",
                "from_port": 0,
                "ipv6_cidr_blocks": [],
                "prefix_list_ids": [],
                "protocol": "-1",
                "security_groups": [],
                "self": false,
                "to_port": 0
              }
            ],
            "id": "sg-0c8830d804f574af5",
            "ingress": [
              {
                "cidr_blocks": [
                  "0.0.0.0/0"
                ],
                "description": "Security group Cluster EKS",
                "from_port": 443,
                "ipv6_cidr_blocks": [],
                "prefix_list_ids": [],
                "protocol": "tcp",
                "security_groups": [],
                "self": false,
                "to_port": 443
              }
            ],
            "name": "terraform-20240130170152589400000001",
            "name_prefix": "terraform-",
            "owner_id": "105054799343",
            "revoke_rules_on_delete": false,
            "tags": {
              "Name": "sg_cluster_eks"
            },
            "tags_all": {
              "Name": "sg_cluster_eks"
            },
            "timeouts": null,
            "vpc_id": "vpc-08c295bc35450b718"
          },
          "sensitive_attributes": [],
          "private": "eyJlMmJmYjczMC1lY2FhLTExZTYtOGY4OC0zNDM2M2JjN2M0YzAiOnsiY3JlYXRlIjo2MDAwMDAwMDAwMDAsImRlbGV0ZSI6OTAwMDAwMDAwMDAwfSwic2NoZW1hX3ZlcnNpb24iOiIxIn0=",
          "dependencies": [
            "module.VPC.aws_vpc.this"
          ]
        }
      ]
    },
    {
      "module": "module.VPC[\"vpc-preprod\"]",
      "mode": "managed",
      "type": "aws_vpc",
      "name": "this",
      "provider": "provider[\"registry.terraform.io/hashicorp/aws\"]",
      "instances": [
        {
          "schema_version": 1,
          "attributes": {
            "arn": "arn:aws:ec2:eu-south-2:105054799343:vpc/vpc-08c295bc35450b718",
            "assign_generated_ipv6_cidr_block": false,
            "cidr_block": "10.120.220.0/22",
            "default_network_acl_id": "acl-098bb077e9fccb682",
            "default_route_table_id": "rtb-0e56596264ce59ac9",
            "default_security_group_id": "sg-0375912b9b6ca85f1",
            "dhcp_options_id": "dopt-0d2b39a1cecedc9d0",
            "enable_dns_hostnames": true,
            "enable_dns_support": true,
            "enable_network_address_usage_metrics": false,
            "id": "vpc-08c295bc35450b718",
            "instance_tenancy": "default",
            "ipv4_ipam_pool_id": null,
            "ipv4_netmask_length": null,
            "ipv6_association_id": "",
            "ipv6_cidr_block": "",
            "ipv6_cidr_block_network_border_group": "",
            "ipv6_ipam_pool_id": "",
            "ipv6_netmask_length": 0,
            "main_route_table_id": "rtb-0e56596264ce59ac9",
            "owner_id": "105054799343",
            "tags": {
              "Name": "vpc-preprod"
            },
            "tags_all": {
              "Name": "vpc-preprod"
            }
          },
          "sensitive_attributes": [],
          "private": "eyJzY2hlbWFfdmVyc2lvbiI6IjEifQ=="
        }
      ]
    },
    {
      "module": "module.private_routes[\"rtbl-preprod-pvt-subnets\"]",
      "mode": "managed",
      "type": "aws_route",
      "name": "this",
      "provider": "provider[\"registry.terraform.io/hashicorp/aws\"]",
      "instances": [
        {
          "schema_version": 0,
          "attributes": {
            "carrier_gateway_id": "",
            "core_network_arn": "",
            "destination_cidr_block": "0.0.0.0/0",
            "destination_ipv6_cidr_block": "",
            "destination_prefix_list_id": "",
            "egress_only_gateway_id": "",
            "gateway_id": "",
            "id": "r-rtb-05cec7ab5c55a0a431080289494",
            "instance_id": "",
            "instance_owner_id": "",
            "local_gateway_id": "",
            "nat_gateway_id": "nat-0ab2add7740dec217",
            "network_interface_id": "",
            "origin": "CreateRoute",
            "route_table_id": "rtb-05cec7ab5c55a0a43",
            "state": "active",
            "timeouts": null,
            "transit_gateway_id": "",
            "vpc_endpoint_id": "",
            "vpc_peering_connection_id": ""
          },
          "sensitive_attributes": [],
          "private": "eyJlMmJmYjczMC1lY2FhLTExZTYtOGY4OC0zNDM2M2JjN2M0YzAiOnsiY3JlYXRlIjozMDAwMDAwMDAwMDAsImRlbGV0ZSI6MzAwMDAwMDAwMDAwLCJ1cGRhdGUiOjEyMDAwMDAwMDAwMH19",
          "dependencies": [
            "module.Elastic_IP.aws_eip.this",
            "module.NAT_Gateway.aws_nat_gateway.this",
            "module.Public_Subnets.aws_subnet.this",
            "module.Route_Table.aws_route_table.this",
            "module.VPC.aws_vpc.this"
          ]
        }
      ]
    },
    {
      "module": "module.public_routes[\"rtbl-preprod-pub-subnets\"]",
      "mode": "managed",
      "type": "aws_route",
      "name": "this",
      "provider": "provider[\"registry.terraform.io/hashicorp/aws\"]",
      "instances": [
        {
          "schema_version": 0,
          "attributes": {
            "carrier_gateway_id": "",
            "core_network_arn": "",
            "destination_cidr_block": "0.0.0.0/0",
            "destination_ipv6_cidr_block": "",
            "destination_prefix_list_id": "",
            "egress_only_gateway_id": "",
            "gateway_id": "igw-05af54184720be16c",
            "id": "r-rtb-0e019ef72503f0fef1080289494",
            "instance_id": "",
            "instance_owner_id": "",
            "local_gateway_id": "",
            "nat_gateway_id": "",
            "network_interface_id": "",
            "origin": "CreateRoute",
            "route_table_id": "rtb-0e019ef72503f0fef",
            "state": "active",
            "timeouts": null,
            "transit_gateway_id": "",
            "vpc_endpoint_id": "",
            "vpc_peering_connection_id": ""
          },
          "sensitive_attributes": [],
          "private": "eyJlMmJmYjczMC1lY2FhLTExZTYtOGY4OC0zNDM2M2JjN2M0YzAiOnsiY3JlYXRlIjozMDAwMDAwMDAwMDAsImRlbGV0ZSI6MzAwMDAwMDAwMDAwLCJ1cGRhdGUiOjEyMDAwMDAwMDAwMH19",
          "dependencies": [
            "module.Internet_Gateway.aws_internet_gateway.this",
            "module.Route_Table.aws_route_table.this",
            "module.VPC.aws_vpc.this"
          ]
        }
      ]
    },
    {
      "module": "module.route_table_association_private[\"association_1\"]",
      "mode": "managed",
      "type": "aws_route_table_association",
      "name": "this",
      "provider": "provider[\"registry.terraform.io/hashicorp/aws\"]",
      "instances": [
        {
          "schema_version": 0,
          "attributes": {
            "gateway_id": "",
            "id": "rtbassoc-02c25fca304ffeee0",
            "route_table_id": "rtb-05cec7ab5c55a0a43",
            "subnet_id": "subnet-0b89e46f7de010471",
            "timeouts": null
          },
          "sensitive_attributes": [],
          "private": "eyJlMmJmYjczMC1lY2FhLTExZTYtOGY4OC0zNDM2M2JjN2M0YzAiOnsiY3JlYXRlIjozMDAwMDAwMDAwMDAsImRlbGV0ZSI6MzAwMDAwMDAwMDAwLCJ1cGRhdGUiOjEyMDAwMDAwMDAwMH19",
          "dependencies": [
            "module.Private_Subnets.aws_subnet.this",
            "module.Route_Table.aws_route_table.this",
            "module.VPC.aws_vpc.this"
          ]
        }
      ]
    },
    {
      "module": "module.route_table_association_private[\"association_2\"]",
      "mode": "managed",
      "type": "aws_route_table_association",
      "name": "this",
      "provider": "provider[\"registry.terraform.io/hashicorp/aws\"]",
      "instances": [
        {
          "schema_version": 0,
          "attributes": {
            "gateway_id": "",
            "id": "rtbassoc-0ff0e7ad912195f94",
            "route_table_id": "rtb-05cec7ab5c55a0a43",
            "subnet_id": "subnet-02f4f10190eda1ac3",
            "timeouts": null
          },
          "sensitive_attributes": [],
          "private": "eyJlMmJmYjczMC1lY2FhLTExZTYtOGY4OC0zNDM2M2JjN2M0YzAiOnsiY3JlYXRlIjozMDAwMDAwMDAwMDAsImRlbGV0ZSI6MzAwMDAwMDAwMDAwLCJ1cGRhdGUiOjEyMDAwMDAwMDAwMH19",
          "dependencies": [
            "module.Private_Subnets.aws_subnet.this",
            "module.Route_Table.aws_route_table.this",
            "module.VPC.aws_vpc.this"
          ]
        }
      ]
    },
    {
      "module": "module.route_table_association_private[\"association_3\"]",
      "mode": "managed",
      "type": "aws_route_table_association",
      "name": "this",
      "provider": "provider[\"registry.terraform.io/hashicorp/aws\"]",
      "instances": [
        {
          "schema_version": 0,
          "attributes": {
            "gateway_id": "",
            "id": "rtbassoc-04fe77b3369afe498",
            "route_table_id": "rtb-05cec7ab5c55a0a43",
            "subnet_id": "subnet-05fa0f940b284e1d8",
            "timeouts": null
          },
          "sensitive_attributes": [],
          "private": "eyJlMmJmYjczMC1lY2FhLTExZTYtOGY4OC0zNDM2M2JjN2M0YzAiOnsiY3JlYXRlIjozMDAwMDAwMDAwMDAsImRlbGV0ZSI6MzAwMDAwMDAwMDAwLCJ1cGRhdGUiOjEyMDAwMDAwMDAwMH19",
          "dependencies": [
            "module.Private_Subnets.aws_subnet.this",
            "module.Route_Table.aws_route_table.this",
            "module.VPC.aws_vpc.this"
          ]
        }
      ]
    },
    {
      "module": "module.route_table_association_public[\"association_1\"]",
      "mode": "managed",
      "type": "aws_route_table_association",
      "name": "this",
      "provider": "provider[\"registry.terraform.io/hashicorp/aws\"]",
      "instances": [
        {
          "schema_version": 0,
          "attributes": {
            "gateway_id": "",
            "id": "rtbassoc-0707668d10a97bb6d",
            "route_table_id": "rtb-0e019ef72503f0fef",
            "subnet_id": "subnet-0d657ef394aea06cf",
            "timeouts": null
          },
          "sensitive_attributes": [],
          "private": "eyJlMmJmYjczMC1lY2FhLTExZTYtOGY4OC0zNDM2M2JjN2M0YzAiOnsiY3JlYXRlIjozMDAwMDAwMDAwMDAsImRlbGV0ZSI6MzAwMDAwMDAwMDAwLCJ1cGRhdGUiOjEyMDAwMDAwMDAwMH19",
          "dependencies": [
            "module.Public_Subnets.aws_subnet.this",
            "module.Route_Table.aws_route_table.this",
            "module.VPC.aws_vpc.this"
          ]
        }
      ]
    }
  ],
  "check_results": null
}
